
Microsoft Visual Studio Solution File, Format Version 12.00
# Visual Studio Version 17
VisualStudioVersion = 17.1.32228.430
MinimumVisualStudioVersion = 10.0.40219.1
Project("{FAE04EC0-301F-11D3-BF4B-00C04F79EFBC}") = "ExchangeRates", "ExchangeRates\ExchangeRates.csproj", "{AEE1E42E-F8DA-4A53-9254-82BB24D9F26D}"
EndProject
Global
	GlobalSection(SolutionConfigurationPlatforms) = preSolution
		Debug|Any CPU = Debug|Any CPU
		Release|Any CPU = Release|Any CPU
	EndGlobalSection
	GlobalSection(ProjectConfigurationPlatforms) = postSolution
		{AEE1E42E-F8DA-4A53-9254-82BB24D9F26D}.Debug|Any CPU.ActiveCfg = Debug|Any CPU
		{AEE1E42E-F8DA-4A53-9254-82BB24D9F26D}.Debug|Any CPU.Build.0 = Debug|Any CPU
		{AEE1E42E-F8DA-4A53-9254-82BB24D9F26D}.Release|Any CPU.ActiveCfg = Release|Any CPU
		{AEE1E42E-F8DA-4A53-9254-82BB24D9F26D}.Release|Any CPU.Build.0 = Release|Any CPU
	EndGlobalSection
	GlobalSection(SolutionProperties) = preSolution
		HideSolutionNode = FALSE
	EndGlobalSection
	GlobalSection(ExtensibilityGlobals) = postSolution
		SolutionGuid = {EEC83312-BEC5-49EB-BD02-8EE39E562F1F}
	EndGlobalSection
EndGlobal
